
Microsoft Visual Studio Solution File, Format Version 12.00
# Visual Studio Version 17
VisualStudioVersion = 17.8.34330.188
MinimumVisualStudioVersion = 10.0.40219.1
Project("{9A19103F-16F7-4668-BE54-9A1E7A4F7556}") = "Autod", "Autod\Autod.csproj", "{B7CEF912-0ED3-4AF2-8756-E5FDB672950F}"
EndProject
Project("{9A19103F-16F7-4668-BE54-9A1E7A4F7556}") = "Autod.Test", "Autod.Test\Autod.Test.csproj", "{959C10CD-6A1B-4589-9EE5-1EC4C5114800}"
EndProject
Project("{9A19103F-16F7-4668-BE54-9A1E7A4F7556}") = "Autod.Data", "Autod.Data\Autod.Data.csproj", "{1E1B9692-56EB-40FD-8219-2BDBB655325C}"
EndProject
Project("{9A19103F-16F7-4668-BE54-9A1E7A4F7556}") = "Autod.Core", "Autod.Core\Autod.Core.csproj", "{7DD07328-02F4-4A5C-9D31-BEDE8316E568}"
EndProject
Project("{FAE04EC0-301F-11D3-BF4B-00C04F79EFBC}") = "Autod.AplicationServices", "Autod.AplicationServices\Autod.AplicationServices.csproj", "{F4FB60EA-7491-476F-8AD5-05102B3ACA80}"
EndProject
Global
	GlobalSection(SolutionConfigurationPlatforms) = preSolution
		Debug|Any CPU = Debug|Any CPU
		Release|Any CPU = Release|Any CPU
	EndGlobalSection
	GlobalSection(ProjectConfigurationPlatforms) = postSolution
		{B7CEF912-0ED3-4AF2-8756-E5FDB672950F}.Debug|Any CPU.ActiveCfg = Debug|Any CPU
		{B7CEF912-0ED3-4AF2-8756-E5FDB672950F}.Debug|Any CPU.Build.0 = Debug|Any CPU
		{B7CEF912-0ED3-4AF2-8756-E5FDB672950F}.Release|Any CPU.ActiveCfg = Release|Any CPU
		{B7CEF912-0ED3-4AF2-8756-E5FDB672950F}.Release|Any CPU.Build.0 = Release|Any CPU
		{959C10CD-6A1B-4589-9EE5-1EC4C5114800}.Debug|Any CPU.ActiveCfg = Debug|Any CPU
		{959C10CD-6A1B-4589-9EE5-1EC4C5114800}.Debug|Any CPU.Build.0 = Debug|Any CPU
		{959C10CD-6A1B-4589-9EE5-1EC4C5114800}.Release|Any CPU.ActiveCfg = Release|Any CPU
		{959C10CD-6A1B-4589-9EE5-1EC4C5114800}.Release|Any CPU.Build.0 = Release|Any CPU
		{1E1B9692-56EB-40FD-8219-2BDBB655325C}.Debug|Any CPU.ActiveCfg = Debug|Any CPU
		{1E1B9692-56EB-40FD-8219-2BDBB655325C}.Debug|Any CPU.Build.0 = Debug|Any CPU
		{1E1B9692-56EB-40FD-8219-2BDBB655325C}.Release|Any CPU.ActiveCfg = Release|Any CPU
		{1E1B9692-56EB-40FD-8219-2BDBB655325C}.Release|Any CPU.Build.0 = Release|Any CPU
		{7DD07328-02F4-4A5C-9D31-BEDE8316E568}.Debug|Any CPU.ActiveCfg = Debug|Any CPU
		{7DD07328-02F4-4A5C-9D31-BEDE8316E568}.Debug|Any CPU.Build.0 = Debug|Any CPU
		{7DD07328-02F4-4A5C-9D31-BEDE8316E568}.Release|Any CPU.ActiveCfg = Release|Any CPU
		{7DD07328-02F4-4A5C-9D31-BEDE8316E568}.Release|Any CPU.Build.0 = Release|Any CPU
		{F4FB60EA-7491-476F-8AD5-05102B3ACA80}.Debug|Any CPU.ActiveCfg = Debug|Any CPU
		{F4FB60EA-7491-476F-8AD5-05102B3ACA80}.Debug|Any CPU.Build.0 = Debug|Any CPU
		{F4FB60EA-7491-476F-8AD5-05102B3ACA80}.Release|Any CPU.ActiveCfg = Release|Any CPU
		{F4FB60EA-7491-476F-8AD5-05102B3ACA80}.Release|Any CPU.Build.0 = Release|Any CPU
	EndGlobalSection
	GlobalSection(SolutionProperties) = preSolution
		HideSolutionNode = FALSE
	EndGlobalSection
	GlobalSection(ExtensibilityGlobals) = postSolution
		SolutionGuid = {EA75839C-C2C1-4BD2-88D8-3220D564EAEE}
	EndGlobalSection
EndGlobal
